
Microsoft Visual Studio Solution File, Format Version 12.00
# Visual Studio 15
VisualStudioVersion = 15.0.27130.2036
MinimumVisualStudioVersion = 10.0.40219.1
Project("{FAE04EC0-301F-11D3-BF4B-00C04F79EFBC}") = "DirectoryDestroyer", "DirectoryDestroyer\DirectoryDestroyer.csproj", "{CC32BB50-EC03-4F41-A818-6B4FDE7BA869}"
EndProject
Global
	GlobalSection(SolutionConfigurationPlatforms) = preSolution
		Debug|Any CPU = Debug|Any CPU
		Release|Any CPU = Release|Any CPU
	EndGlobalSection
	GlobalSection(ProjectConfigurationPlatforms) = postSolution
		{CC32BB50-EC03-4F41-A818-6B4FDE7BA869}.Debug|Any CPU.ActiveCfg = Debug|Any CPU
		{CC32BB50-EC03-4F41-A818-6B4FDE7BA869}.Debug|Any CPU.Build.0 = Debug|Any CPU
		{CC32BB50-EC03-4F41-A818-6B4FDE7BA869}.Release|Any CPU.ActiveCfg = Release|Any CPU
		{CC32BB50-EC03-4F41-A818-6B4FDE7BA869}.Release|Any CPU.Build.0 = Release|Any CPU
	EndGlobalSection
	GlobalSection(SolutionProperties) = preSolution
		HideSolutionNode = FALSE
	EndGlobalSection
	GlobalSection(ExtensibilityGlobals) = postSolution
		SolutionGuid = {9A1BDFC6-D42A-47A1-B788-FA1C37979559}
	EndGlobalSection
EndGlobal
